{
  "nodes": {
    "cfgeq": {
      "inputs": {
        "flake-compat": "flake-compat",
        "nixpkgs": "nixpkgs"
      },
      "locked": {
        "lastModified": 1623687821,
        "narHash": "sha256-8TPB82LQkJbphPYs4syIVFZwvyCfxQtWQNDur0yoMV8=",
        "owner": "chuahou",
        "repo": "cfgeq",
        "rev": "f5be981c668b1da2cc7f33d99ee177fb1b87d31a",
        "type": "github"
      },
      "original": {
        "owner": "chuahou",
        "repo": "cfgeq",
        "type": "github"
      }
    },
    "cpufreq-plugin": {
      "flake": false,
      "locked": {
        "lastModified": 1604925071,
        "narHash": "sha256-ObOBRVSoG6Pf42/ZKMvoqs+1UkMyg7U9fQy1JYM9GjY=",
        "owner": "chuahou",
        "repo": "cpufreq-plugin",
        "rev": "80df6ac42119d6d177bf17ea413a4209f8bc1b84",
        "type": "github"
      },
      "original": {
        "owner": "chuahou",
        "repo": "cpufreq-plugin",
        "type": "github"
      }
    },
    "flake-compat": {
      "flake": false,
      "locked": {
        "lastModified": 1606424373,
        "narHash": "sha256-oq8d4//CJOrVj+EcOaSXvMebvuTkmBJuT5tzlfewUnQ=",
        "owner": "edolstra",
        "repo": "flake-compat",
        "rev": "99f1c2157fba4bfe6211a321fd0ee43199025dbf",
        "type": "github"
      },
      "original": {
        "owner": "edolstra",
        "repo": "flake-compat",
        "type": "github"
      }
    },
    "home-manager": {
      "inputs": {
        "nixpkgs": [
          "nixpkgs"
        ]
      },
      "locked": {
        "lastModified": 1691143977,
        "narHash": "sha256-zXHmmghQdDLecVxFedRxSny4FtVH9lig1/BKObsHwfg=",
        "owner": "nix-community",
        "repo": "home-manager",
        "rev": "15043a65915bcc16ad207d65b202659e4988066b",
        "type": "github"
      },
      "original": {
        "owner": "nix-community",
        "repo": "home-manager",
        "type": "github"
      }
    },
    "impermanence": {
      "locked": {
        "lastModified": 1690797372,
        "narHash": "sha256-GImz19e33SeVcIvBB7NnhbJSbTpFFmNtWLh7Z85Y188=",
        "owner": "nix-community",
        "repo": "impermanence",
        "rev": "e3a7acd113903269a1b5c8b527e84ce7ee859851",
        "type": "github"
      },
      "original": {
        "owner": "nix-community",
        "repo": "impermanence",
        "type": "github"
      }
    },
    "latex-sty": {
      "flake": false,
      "locked": {
        "lastModified": 1620976278,
        "narHash": "sha256-YS3Xk3LnPD85ssaHkS8tscrgENGdD+kesHu0vslGw50=",
        "owner": "chuahou",
        "repo": "latex.sty",
        "rev": "9229eed5736db9f82338a91e58f0fa4f88f9b866",
        "type": "github"
      },
      "original": {
        "owner": "chuahou",
        "repo": "latex.sty",
        "type": "github"
      }
    },
    "nix-index-database": {
      "inputs": {
        "nixpkgs": "nixpkgs_2"
      },
      "locked": {
        "lastModified": 1690687539,
        "narHash": "sha256-Lnwz9XKtshm+5OeWqCbj/3tKuKK+DL5tUTdKSRrKBlY=",
        "owner": "Mic92",
        "repo": "nix-index-database",
        "rev": "d74b8171153ae35d7d323a9b1ad6c4cf7a995591",
        "type": "github"
      },
      "original": {
        "owner": "Mic92",
        "repo": "nix-index-database",
        "type": "github"
      }
    },
    "nix-rice": {
      "flake": false,
      "locked": {
        "lastModified": 1682952592,
        "narHash": "sha256-1qXvqCxnWpk0ELdpmS2OMDu047gvl166CGBm+sfi8oo=",
        "owner": "bertof",
        "repo": "nix-rice",
        "rev": "dddd03ed3c5e05c728b0df985f7af905b002f588",
        "type": "github"
      },
      "original": {
        "owner": "bertof",
        "repo": "nix-rice",
        "type": "github"
      }
    },
    "nixos-hardware": {
      "locked": {
        "lastModified": 1690957133,
        "narHash": "sha256-0Y4CiOIszhHDDXHFmvHUpmhUotKOIn0m3jpMlm6zUTE=",
        "owner": "NixOS",
        "repo": "nixos-hardware",
        "rev": "24f9162b26f0debd163f6d94752aa2acb9db395a",
        "type": "github"
      },
      "original": {
        "owner": "NixOS",
        "repo": "nixos-hardware",
        "type": "github"
      }
    },
    "nixpkgs": {
      "locked": {
        "lastModified": 1622503062,
        "narHash": "sha256-5QHhFydG1+ImYjeE7XLrPbCUZhWcSYrebXpYuY0XWz4=",
        "owner": "NixOS",
        "repo": "nixpkgs",
        "rev": "3a2e0c36e79cecaf196cbea23e75e74710140ea4",
        "type": "github"
      },
      "original": {
        "id": "nixpkgs",
        "ref": "nixos-21.05",
        "type": "indirect"
      }
    },
    "nixpkgs-stable": {
      "locked": {
        "lastModified": 1690927903,
        "narHash": "sha256-D5gCaCROnjEKDOel//8TO/pOP87pAEtT0uT8X+0Bj/U=",
        "owner": "NixOS",
        "repo": "nixpkgs",
        "rev": "bd836ac5e5a7358dea73cb74a013ca32864ccb86",
        "type": "github"
      },
      "original": {
        "id": "nixpkgs",
        "ref": "nixos-23.05",
        "type": "indirect"
      }
    },
    "nixpkgs_2": {
      "locked": {
        "lastModified": 1690548937,
        "narHash": "sha256-x3ZOPGLvtC0/+iFAg9Kvqm/8hTAIkGjc634SqtgaXTA=",
        "owner": "nixos",
        "repo": "nixpkgs",
        "rev": "2a9d660ff0f7ffde9d73be328ee6e6f10ef66b28",
        "type": "github"
      },
      "original": {
        "owner": "nixos",
        "ref": "nixos-unstable",
        "repo": "nixpkgs",
        "type": "github"
      }
    },
    "nixpkgs_3": {
      "locked": {
        "lastModified": 1691006197,
        "narHash": "sha256-DbtxVWPt+ZP5W0Usg7jAyTomIM//c3Jtfa59Ht7AV8s=",
        "owner": "NixOS",
        "repo": "nixpkgs",
        "rev": "66aedfd010204949cb225cf749be08cb13ce1813",
        "type": "github"
      },
      "original": {
        "id": "nixpkgs",
        "ref": "nixos-unstable",
        "type": "indirect"
      }
    },
    "root": {
      "inputs": {
        "cfgeq": "cfgeq",
        "cpufreq-plugin": "cpufreq-plugin",
        "home-manager": "home-manager",
        "impermanence": "impermanence",
        "latex-sty": "latex-sty",
        "nix-index-database": "nix-index-database",
        "nix-rice": "nix-rice",
        "nixos-hardware": "nixos-hardware",
        "nixpkgs": "nixpkgs_3",
        "nixpkgs-stable": "nixpkgs-stable",
        "zsh-vim-mode": "zsh-vim-mode"
      }
    },
    "zsh-vim-mode": {
      "flake": false,
      "locked": {
        "lastModified": 1616290526,
        "narHash": "sha256-a+6EWMRY1c1HQpNtJf5InCzU7/RphZjimLdXIXbO6cQ=",
        "owner": "softmoth",
        "repo": "zsh-vim-mode",
        "rev": "1f9953b7d6f2f0a8d2cb8e8977baa48278a31eab",
        "type": "github"
      },
      "original": {
        "owner": "softmoth",
        "repo": "zsh-vim-mode",
        "type": "github"
      }
    }
  },
  "root": "root",
  "version": 7
}
